{
  "name": "bfstats-web",
  "version": "2.0.0",
  "lockfileVersion": 2,
  "requires": true,
  "packages": {
    "": {
      "name": "bfstats-web",
      "version": "2.0.0",
      "dependencies": {
        "@cloudflare/pages-plugin-vercel-og": "^0.1.0",
        "@types/node": "18.15.11",
        "@types/react": "18.0.33",
        "@types/react-dom": "18.0.11",
        "bootstrap": "^5.2.3",
        "chart.js": "^4.2.1",
        "humanize-duration": "^3.28.0",
        "next": "^13.3.1-canary.4",
        "react": "18.2.0",
        "react-chartjs-2": "^5.2.0",
        "react-dom": "18.2.0",
        "typescript": "5.0.3"
      },
      "devDependencies": {
        "@types/humanize-duration": "^3.27.1"
      }
    },
    "node_modules/@cloudflare/pages-plugin-vercel-og": {
      "version": "0.1.0",
      "resolved": "https://registry.npmjs.org/@cloudflare/pages-plugin-vercel-og/-/pages-plugin-vercel-og-0.1.0.tgz",
      "integrity": "sha512-FP4dr40ulPy5DJWfpgY7QvB5bkH5+Vif/jWlPwi1SOm/2GW2TIumgiYgkexYrcbR57JqjiCZKoOpodzcQ5ZSzg==",
      "dependencies": {
        "@vercel/og": "0.4.1"
      }
    },
    "node_modules/@kurkle/color": {
      "version": "0.3.2",
      "resolved": "https://registry.npmjs.org/@kurkle/color/-/color-0.3.2.tgz",
      "integrity": "sha512-fuscdXJ9G1qb7W8VdHi+IwRqij3lBkosAm4ydQtEmbY58OzHXqQhvlxqEkoz0yssNVn38bcpRWgA9PP+OGoisw=="
    },
    "node_modules/@next/env": {
      "version": "13.3.1-canary.4",
      "resolved": "https://registry.npmjs.org/@next/env/-/env-13.3.1-canary.4.tgz",
      "integrity": "sha512-5Gmyi2T75gMEvxHIgdikAPnatGgkn19qhM9/HWgNxyqsE96feEJowNFj6Os2m5cz6XZPoYB/zBzJ+pywgQK4qA=="
    },
    "node_modules/@next/swc-darwin-arm64": {
      "version": "13.3.1-canary.4",
      "resolved": "https://registry.npmjs.org/@next/swc-darwin-arm64/-/swc-darwin-arm64-13.3.1-canary.4.tgz",
      "integrity": "sha512-Ougmig/ez85LSDjKckumSSYiQIFe1QpmJb47YUCIlnQ38oKz2hRI6aD9gh0yC6kzHhqMG0G1+fqAY1YXy54z3g==",
      "cpu": [
        "arm64"
      ],
      "optional": true,
      "os": [
        "darwin"
      ],
      "engines": {
        "node": ">= 10"
      }
    },
    "node_modules/@next/swc-darwin-x64": {
      "version": "13.3.1-canary.4",
      "resolved": "https://registry.npmjs.org/@next/swc-darwin-x64/-/swc-darwin-x64-13.3.1-canary.4.tgz",
      "integrity": "sha512-NrahJUUGsdcNPKbYgo1JBRYH1nCWR+h+fZUTJ83o/hVylaTqRO2By/SNJAcSnFanwiYzU6WHHYSe9LP9GjjkJw==",
      "cpu": [
        "x64"
      ],
      "optional": true,
      "os": [
        "darwin"
      ],
      "engines": {
        "node": ">= 10"
      }
    },
    "node_modules/@next/swc-linux-arm64-gnu": {
      "version": "13.3.1-canary.4",
      "resolved": "https://registry.npmjs.org/@next/swc-linux-arm64-gnu/-/swc-linux-arm64-gnu-13.3.1-canary.4.tgz",
      "integrity": "sha512-WEwxzw0uigAkrOKSWw7x16cY37iYzRoq2Uo9upXo6GPyTqcL565ta53Zh4aDb4AIKdH6XPlzc1f8H7VENCc6xQ==",
      "cpu": [
        "arm64"
      ],
      "optional": true,
      "os": [
        "linux"
      ],
      "engines": {
        "node": ">= 10"
      }
    },
    "node_modules/@next/swc-linux-arm64-musl": {
      "version": "13.3.1-canary.4",
      "resolved": "https://registry.npmjs.org/@next/swc-linux-arm64-musl/-/swc-linux-arm64-musl-13.3.1-canary.4.tgz",
      "integrity": "sha512-1kmNPH/9r3f2u+i/nEwuKGroZs54XC1upLUl97UucqrSTKnxjDUGVpgHt5JAQ0BJP7xvm2kh4ag7tri2f5bZ8A==",
      "cpu": [
        "arm64"
      ],
      "optional": true,
      "os": [
        "linux"
      ],
      "engines": {
        "node": ">= 10"
      }
    },
    "node_modules/@next/swc-linux-x64-gnu": {
      "version": "13.3.1-canary.4",
      "resolved": "https://registry.npmjs.org/@next/swc-linux-x64-gnu/-/swc-linux-x64-gnu-13.3.1-canary.4.tgz",
      "integrity": "sha512-MzUz7hTmJBubV+zXH/4SY5JUT0peZVymbRaGqbesAFF9OlhfU1NIe4gh7Gk5zD8bRnfkGBVNbXI0s6W8Q/5OFA==",
      "cpu": [
        "x64"
      ],
      "optional": true,
      "os": [
        "linux"
      ],
      "engines": {
        "node": ">= 10"
      }
    },
    "node_modules/@next/swc-linux-x64-musl": {
      "version": "13.3.1-canary.4",
      "resolved": "https://registry.npmjs.org/@next/swc-linux-x64-musl/-/swc-linux-x64-musl-13.3.1-canary.4.tgz",
      "integrity": "sha512-4gupOANYFf6zyr2gwg6ao1KgHkjjaffvVVcM3d6LfxbpjPUXEjPVWeM9FF5aOeQmf78F8Vp1CZLJbhzuHl3ShA==",
      "cpu": [
        "x64"
      ],
      "optional": true,
      "os": [
        "linux"
      ],
      "engines": {
        "node": ">= 10"
      }
    },
    "node_modules/@next/swc-win32-arm64-msvc": {
      "version": "13.3.1-canary.4",
      "resolved": "https://registry.npmjs.org/@next/swc-win32-arm64-msvc/-/swc-win32-arm64-msvc-13.3.1-canary.4.tgz",
      "integrity": "sha512-GzSzqsZa9n5knvLc2rzo+tVBx4lKoGYtmbvA1ZK+yXgNEv2kHWTEAXLgW4lbnvbRbBMeAMbNPqLuwoLQ4YuLjA==",
      "cpu": [
        "arm64"
      ],
      "optional": true,
      "os": [
        "win32"
      ],
      "engines": {
        "node": ">= 10"
      }
    },
    "node_modules/@next/swc-win32-ia32-msvc": {
      "version": "13.3.1-canary.4",
      "resolved": "https://registry.npmjs.org/@next/swc-win32-ia32-msvc/-/swc-win32-ia32-msvc-13.3.1-canary.4.tgz",
      "integrity": "sha512-ncVppPj73Ge2eqj/o1SEi768vIVoWRFtq7eN9mkZlGxHE/UzEZEFEDiquvLsV4wkgcuDIyo1e7UXnKwGJmBbYQ==",
      "cpu": [
        "ia32"
      ],
      "optional": true,
      "os": [
        "win32"
      ],
      "engines": {
        "node": ">= 10"
      }
    },
    "node_modules/@next/swc-win32-x64-msvc": {
      "version": "13.3.1-canary.4",
      "resolved": "https://registry.npmjs.org/@next/swc-win32-x64-msvc/-/swc-win32-x64-msvc-13.3.1-canary.4.tgz",
      "integrity": "sha512-Pua+EgHh+M0GWO+8SX6JFA3IiXAe2ZL8pZMQp3TtYPeFxTLkgE4Shk4nyfoUSdKFHI/SaJ2dPGXgJCLVfZV2Tg==",
      "cpu": [
        "x64"
      ],
      "optional": true,
      "os": [
        "win32"
      ],
      "engines": {
        "node": ">= 10"
      }
    },
    "node_modules/@popperjs/core": {
      "version": "2.11.7",
      "resolved": "https://registry.npmjs.org/@popperjs/core/-/core-2.11.7.tgz",
      "integrity": "sha512-Cr4OjIkipTtcXKjAsm8agyleBuDHvxzeBoa1v543lbv1YaIwQjESsVcmjiWiPEbC1FIeHOG/Op9kdCmAmiS3Kw==",
      "peer": true,
      "funding": {
        "type": "opencollective",
        "url": "https://opencollective.com/popperjs"
      }
    },
    "node_modules/@resvg/resvg-wasm": {
      "version": "2.4.1",
      "resolved": "https://registry.npmjs.org/@resvg/resvg-wasm/-/resvg-wasm-2.4.1.tgz",
      "integrity": "sha512-yi6R0HyHtsoWTRA06Col4WoDs7SvlXU3DLMNP2bdAgs7HK18dTEVl1weXgxRzi8gwLteGUbIg29zulxIB3GSdg==",
      "engines": {
        "node": ">= 10"
      }
    },
    "node_modules/@shuding/opentype.js": {
      "version": "1.4.0-beta.0",
      "resolved": "https://registry.npmjs.org/@shuding/opentype.js/-/opentype.js-1.4.0-beta.0.tgz",
      "integrity": "sha512-3NgmNyH3l/Hv6EvsWJbsvpcpUba6R8IREQ83nH83cyakCw7uM1arZKNfHwv1Wz6jgqrF/j4x5ELvR6PnK9nTcA==",
      "dependencies": {
        "fflate": "^0.7.3",
        "string.prototype.codepointat": "^0.2.1"
      },
      "bin": {
        "ot": "bin/ot"
      },
      "engines": {
        "node": ">= 8.0.0"
      }
    },
    "node_modules/@swc/helpers": {
      "version": "0.4.14",
      "resolved": "https://registry.npmjs.org/@swc/helpers/-/helpers-0.4.14.tgz",
      "integrity": "sha512-4C7nX/dvpzB7za4Ql9K81xK3HPxCpHMgwTZVyf+9JQ6VUbn9jjZVN7/Nkdz/Ugzs2CSjqnL/UPXroiVBVHUWUw==",
      "dependencies": {
        "tslib": "^2.4.0"
      }
    },
    "node_modules/@types/humanize-duration": {
      "version": "3.27.1",
      "resolved": "https://registry.npmjs.org/@types/humanize-duration/-/humanize-duration-3.27.1.tgz",
      "integrity": "sha512-K3e+NZlpCKd6Bd/EIdqjFJRFHbrq5TzPPLwREk5Iv/YoIjQrs6ljdAUCo+Lb2xFlGNOjGSE0dqsVD19cZL137w==",
      "dev": true
    },
    "node_modules/@types/node": {
      "version": "18.15.11",
      "resolved": "https://registry.npmjs.org/@types/node/-/node-18.15.11.tgz",
      "integrity": "sha512-E5Kwq2n4SbMzQOn6wnmBjuK9ouqlURrcZDVfbo9ftDDTFt3nk7ZKK4GMOzoYgnpQJKcxwQw+lGaBvvlMo0qN/Q=="
    },
    "node_modules/@types/prop-types": {
      "version": "15.7.5",
      "resolved": "https://registry.npmjs.org/@types/prop-types/-/prop-types-15.7.5.tgz",
      "integrity": "sha512-JCB8C6SnDoQf0cNycqd/35A7MjcnK+ZTqE7judS6o7utxUCg6imJg3QK2qzHKszlTjcj2cn+NwMB2i96ubpj7w=="
    },
    "node_modules/@types/react": {
      "version": "18.0.33",
      "resolved": "https://registry.npmjs.org/@types/react/-/react-18.0.33.tgz",
      "integrity": "sha512-sHxzVxeanvQyQ1lr8NSHaj0kDzcNiGpILEVt69g9S31/7PfMvNCKLKcsHw4lYKjs3cGNJjXSP4mYzX43QlnjNA==",
      "dependencies": {
        "@types/prop-types": "*",
        "@types/scheduler": "*",
        "csstype": "^3.0.2"
      }
    },
    "node_modules/@types/react-dom": {
      "version": "18.0.11",
      "resolved": "https://registry.npmjs.org/@types/react-dom/-/react-dom-18.0.11.tgz",
      "integrity": "sha512-O38bPbI2CWtgw/OoQoY+BRelw7uysmXbWvw3nLWO21H1HSh+GOlqPuXshJfjmpNlKiiSDG9cc1JZAaMmVdcTlw==",
      "dependencies": {
        "@types/react": "*"
      }
    },
    "node_modules/@types/scheduler": {
      "version": "0.16.3",
      "resolved": "https://registry.npmjs.org/@types/scheduler/-/scheduler-0.16.3.tgz",
      "integrity": "sha512-5cJ8CB4yAx7BH1oMvdU0Jh9lrEXyPkar6F9G/ERswkCuvP4KQZfZkSjcMbAICCpQTN4OuZn8tz0HiKv9TGZgrQ=="
    },
    "node_modules/@vercel/og": {
      "version": "0.4.1",
      "resolved": "https://registry.npmjs.org/@vercel/og/-/og-0.4.1.tgz",
      "integrity": "sha512-N8SXkbmQQRK0iHpqwUe50Fe8JO3sx2ByV6hgPTi16ONiMdqOM9uzE4QMWoY1Oa0uYZuUVA30sEB84mVMn+gT3w==",
      "dependencies": {
        "@resvg/resvg-wasm": "2.4.1",
        "satori": "0.4.1",
        "yoga-wasm-web": "0.3.0"
      },
      "engines": {
        "node": ">=16"
      }
    },
    "node_modules/base64-js": {
      "version": "0.0.8",
      "resolved": "https://registry.npmjs.org/base64-js/-/base64-js-0.0.8.tgz",
      "integrity": "sha512-3XSA2cR/h/73EzlXXdU6YNycmYI7+kicTxks4eJg2g39biHR84slg2+des+p7iHYhbRg/udIS4TD53WabcOUkw==",
      "engines": {
        "node": ">= 0.4"
      }
    },
    "node_modules/bootstrap": {
      "version": "5.2.3",
      "resolved": "https://registry.npmjs.org/bootstrap/-/bootstrap-5.2.3.tgz",
      "integrity": "sha512-cEKPM+fwb3cT8NzQZYEu4HilJ3anCrWqh3CHAok1p9jXqMPsPTBhU25fBckEJHJ/p+tTxTFTsFQGM+gaHpi3QQ==",
      "funding": [
        {
          "type": "github",
          "url": "https://github.com/sponsors/twbs"
        },
        {
          "type": "opencollective",
          "url": "https://opencollective.com/bootstrap"
        }
      ],
      "peerDependencies": {
        "@popperjs/core": "^2.11.6"
      }
    },
    "node_modules/busboy": {
      "version": "1.6.0",
      "resolved": "https://registry.npmjs.org/busboy/-/busboy-1.6.0.tgz",
      "integrity": "sha512-8SFQbg/0hQ9xy3UNTB0YEnsNBbWfhf7RtnzpL7TkBiTBRfrQ9Fxcnz7VJsleJpyp6rVLvXiuORqjlHi5q+PYuA==",
      "dependencies": {
        "streamsearch": "^1.1.0"
      },
      "engines": {
        "node": ">=10.16.0"
      }
    },
    "node_modules/camelize": {
      "version": "1.0.1",
      "resolved": "https://registry.npmjs.org/camelize/-/camelize-1.0.1.tgz",
      "integrity": "sha512-dU+Tx2fsypxTgtLoE36npi3UqcjSSMNYfkqgmoEhtZrraP5VWq0K7FkWVTYa8eMPtnU/G2txVsfdCJTn9uzpuQ==",
      "funding": {
        "url": "https://github.com/sponsors/ljharb"
      }
    },
    "node_modules/caniuse-lite": {
      "version": "1.0.30001474",
      "resolved": "https://registry.npmjs.org/caniuse-lite/-/caniuse-lite-1.0.30001474.tgz",
      "integrity": "sha512-iaIZ8gVrWfemh5DG3T9/YqarVZoYf0r188IjaGwx68j4Pf0SGY6CQkmJUIE+NZHkkecQGohzXmBGEwWDr9aM3Q==",
      "funding": [
        {
          "type": "opencollective",
          "url": "https://opencollective.com/browserslist"
        },
        {
          "type": "tidelift",
          "url": "https://tidelift.com/funding/github/npm/caniuse-lite"
        },
        {
          "type": "github",
          "url": "https://github.com/sponsors/ai"
        }
      ]
    },
    "node_modules/chart.js": {
      "version": "4.2.1",
      "resolved": "https://registry.npmjs.org/chart.js/-/chart.js-4.2.1.tgz",
      "integrity": "sha512-6YbpQ0nt3NovAgOzbkSSeeAQu/3za1319dPUQTXn9WcOpywM8rGKxJHrhS8V8xEkAlk8YhEfjbuAPfUyp6jIsw==",
      "dependencies": {
        "@kurkle/color": "^0.3.0"
      },
      "engines": {
        "pnpm": "^7.0.0"
      }
    },
    "node_modules/client-only": {
      "version": "0.0.1",
      "resolved": "https://registry.npmjs.org/client-only/-/client-only-0.0.1.tgz",
      "integrity": "sha512-IV3Ou0jSMzZrd3pZ48nLkT9DA7Ag1pnPzaiQhpW7c3RbcqqzvzzVu+L8gfqMp/8IM2MQtSiqaCxrrcfu8I8rMA=="
    },
    "node_modules/css-background-parser": {
      "version": "0.1.0",
      "resolved": "https://registry.npmjs.org/css-background-parser/-/css-background-parser-0.1.0.tgz",
      "integrity": "sha512-2EZLisiZQ+7m4wwur/qiYJRniHX4K5Tc9w93MT3AS0WS1u5kaZ4FKXlOTBhOjc+CgEgPiGY+fX1yWD8UwpEqUA=="
    },
    "node_modules/css-box-shadow": {
      "version": "1.0.0-3",
      "resolved": "https://registry.npmjs.org/css-box-shadow/-/css-box-shadow-1.0.0-3.tgz",
      "integrity": "sha512-9jaqR6e7Ohds+aWwmhe6wILJ99xYQbfmK9QQB9CcMjDbTxPZjwEmUQpU91OG05Xgm8BahT5fW+svbsQGjS/zPg=="
    },
    "node_modules/css-color-keywords": {
      "version": "1.0.0",
      "resolved": "https://registry.npmjs.org/css-color-keywords/-/css-color-keywords-1.0.0.tgz",
      "integrity": "sha512-FyyrDHZKEjXDpNJYvVsV960FiqQyXc/LlYmsxl2BcdMb2WPx0OGRVgTg55rPSyLSNMqP52R9r8geSp7apN3Ofg==",
      "engines": {
        "node": ">=4"
      }
    },
    "node_modules/css-to-react-native": {
      "version": "3.2.0",
      "resolved": "https://registry.npmjs.org/css-to-react-native/-/css-to-react-native-3.2.0.tgz",
      "integrity": "sha512-e8RKaLXMOFii+02mOlqwjbD00KSEKqblnpO9e++1aXS1fPQOpS1YoqdVHBqPjHNoxeF2mimzVqawm2KCbEdtHQ==",
      "dependencies": {
        "camelize": "^1.0.0",
        "css-color-keywords": "^1.0.0",
        "postcss-value-parser": "^4.0.2"
      }
    },
    "node_modules/csstype": {
      "version": "3.1.2",
      "resolved": "https://registry.npmjs.org/csstype/-/csstype-3.1.2.tgz",
      "integrity": "sha512-I7K1Uu0MBPzaFKg4nI5Q7Vs2t+3gWWW648spaF+Rg7pI9ds18Ugn+lvg4SHczUdKlHI5LWBXyqfS8+DufyBsgQ=="
    },
    "node_modules/emoji-regex": {
      "version": "10.2.1",
      "resolved": "https://registry.npmjs.org/emoji-regex/-/emoji-regex-10.2.1.tgz",
      "integrity": "sha512-97g6QgOk8zlDRdgq1WxwgTMgEWGVAQvB5Fdpgc1MkNy56la5SKP9GsMXKDOdqwn90/41a8yPwIGk1Y6WVbeMQA=="
    },
    "node_modules/fflate": {
      "version": "0.7.4",
      "resolved": "https://registry.npmjs.org/fflate/-/fflate-0.7.4.tgz",
      "integrity": "sha512-5u2V/CDW15QM1XbbgS+0DfPxVB+jUKhWEKuuFuHncbk3tEEqzmoXL+2KyOFuKGqOnmdIy0/davWF1CkuwtibCw=="
    },
    "node_modules/humanize-duration": {
      "version": "3.28.0",
      "resolved": "https://registry.npmjs.org/humanize-duration/-/humanize-duration-3.28.0.tgz",
      "integrity": "sha512-jMAxraOOmHuPbffLVDKkEKi/NeG8dMqP8lGRd6Tbf7JgAeG33jjgPWDbXXU7ypCI0o+oNKJFgbSB9FKVdWNI2A=="
    },
    "node_modules/js-tokens": {
      "version": "4.0.0",
      "resolved": "https://registry.npmjs.org/js-tokens/-/js-tokens-4.0.0.tgz",
      "integrity": "sha512-RdJUflcE3cUzKiMqQgsCu06FPu9UdIJO0beYbPhHN4k6apgJtifcoCtT9bcxOpYBtpD2kCM6Sbzg4CausW/PKQ=="
    },
    "node_modules/linebreak": {
      "version": "1.1.0",
      "resolved": "https://registry.npmjs.org/linebreak/-/linebreak-1.1.0.tgz",
      "integrity": "sha512-MHp03UImeVhB7XZtjd0E4n6+3xr5Dq/9xI/5FptGk5FrbDR3zagPa2DS6U8ks/3HjbKWG9Q1M2ufOzxV2qLYSQ==",
      "dependencies": {
        "base64-js": "0.0.8",
        "unicode-trie": "^2.0.0"
      }
    },
    "node_modules/loose-envify": {
      "version": "1.4.0",
      "resolved": "https://registry.npmjs.org/loose-envify/-/loose-envify-1.4.0.tgz",
      "integrity": "sha512-lyuxPGr/Wfhrlem2CL/UcnUc1zcqKAImBDzukY7Y5F/yQiNdko6+fRLevlw1HgMySw7f611UIY408EtxRSoK3Q==",
      "dependencies": {
        "js-tokens": "^3.0.0 || ^4.0.0"
      },
      "bin": {
        "loose-envify": "cli.js"
      }
    },
    "node_modules/nanoid": {
      "version": "3.3.6",
      "resolved": "https://registry.npmjs.org/nanoid/-/nanoid-3.3.6.tgz",
      "integrity": "sha512-BGcqMMJuToF7i1rt+2PWSNVnWIkGCU78jBG3RxO/bZlnZPK2Cmi2QaffxGO/2RvWi9sL+FAiRiXMgsyxQ1DIDA==",
      "funding": [
        {
          "type": "github",
          "url": "https://github.com/sponsors/ai"
        }
      ],
      "bin": {
        "nanoid": "bin/nanoid.cjs"
      },
      "engines": {
        "node": "^10 || ^12 || ^13.7 || ^14 || >=15.0.1"
      }
    },
    "node_modules/next": {
      "version": "13.3.1-canary.4",
      "resolved": "https://registry.npmjs.org/next/-/next-13.3.1-canary.4.tgz",
      "integrity": "sha512-HGNz+ImrwdWxpdw70EDUHxCKHoRKae4vrabFxlYcEOZUrjWPS028S3YXnM7S4/FRW0laPYN36wZMZLXKn7eLqg==",
      "dependencies": {
        "@next/env": "13.3.1-canary.4",
        "@swc/helpers": "0.4.14",
        "busboy": "1.6.0",
        "caniuse-lite": "^1.0.30001406",
        "postcss": "8.4.14",
        "styled-jsx": "5.1.1"
      },
      "bin": {
        "next": "dist/bin/next"
      },
      "engines": {
        "node": ">=14.6.0"
      },
      "optionalDependencies": {
        "@next/swc-darwin-arm64": "13.3.1-canary.4",
        "@next/swc-darwin-x64": "13.3.1-canary.4",
        "@next/swc-linux-arm64-gnu": "13.3.1-canary.4",
        "@next/swc-linux-arm64-musl": "13.3.1-canary.4",
        "@next/swc-linux-x64-gnu": "13.3.1-canary.4",
        "@next/swc-linux-x64-musl": "13.3.1-canary.4",
        "@next/swc-win32-arm64-msvc": "13.3.1-canary.4",
        "@next/swc-win32-ia32-msvc": "13.3.1-canary.4",
        "@next/swc-win32-x64-msvc": "13.3.1-canary.4"
      },
      "peerDependencies": {
        "@opentelemetry/api": "^1.1.0",
        "fibers": ">= 3.1.0",
        "node-sass": "^6.0.0 || ^7.0.0",
        "react": "^18.2.0",
        "react-dom": "^18.2.0",
        "sass": "^1.3.0"
      },
      "peerDependenciesMeta": {
        "@opentelemetry/api": {
          "optional": true
        },
        "fibers": {
          "optional": true
        },
        "node-sass": {
          "optional": true
        },
        "sass": {
          "optional": true
        }
      }
    },
    "node_modules/pako": {
      "version": "0.2.9",
      "resolved": "https://registry.npmjs.org/pako/-/pako-0.2.9.tgz",
      "integrity": "sha512-NUcwaKxUxWrZLpDG+z/xZaCgQITkA/Dv4V/T6bw7VON6l1Xz/VnrBqrYjZQ12TamKHzITTfOEIYUj48y2KXImA=="
    },
    "node_modules/picocolors": {
      "version": "1.0.0",
      "resolved": "https://registry.npmjs.org/picocolors/-/picocolors-1.0.0.tgz",
      "integrity": "sha512-1fygroTLlHu66zi26VoTDv8yRgm0Fccecssto+MhsZ0D/DGW2sm8E8AjW7NU5VVTRt5GxbeZ5qBuJr+HyLYkjQ=="
    },
    "node_modules/postcss": {
      "version": "8.4.14",
      "resolved": "https://registry.npmjs.org/postcss/-/postcss-8.4.14.tgz",
      "integrity": "sha512-E398TUmfAYFPBSdzgeieK2Y1+1cpdxJx8yXbK/m57nRhKSmk1GB2tO4lbLBtlkfPQTDKfe4Xqv1ASWPpayPEig==",
      "funding": [
        {
          "type": "opencollective",
          "url": "https://opencollective.com/postcss/"
        },
        {
          "type": "tidelift",
          "url": "https://tidelift.com/funding/github/npm/postcss"
        }
      ],
      "dependencies": {
        "nanoid": "^3.3.4",
        "picocolors": "^1.0.0",
        "source-map-js": "^1.0.2"
      },
      "engines": {
        "node": "^10 || ^12 || >=14"
      }
    },
    "node_modules/postcss-value-parser": {
      "version": "4.2.0",
      "resolved": "https://registry.npmjs.org/postcss-value-parser/-/postcss-value-parser-4.2.0.tgz",
      "integrity": "sha512-1NNCs6uurfkVbeXG4S8JFT9t19m45ICnif8zWLd5oPSZ50QnwMfK+H3jv408d4jw/7Bttv5axS5IiHoLaVNHeQ=="
    },
    "node_modules/react": {
      "version": "18.2.0",
      "resolved": "https://registry.npmjs.org/react/-/react-18.2.0.tgz",
      "integrity": "sha512-/3IjMdb2L9QbBdWiW5e3P2/npwMBaU9mHCSCUzNln0ZCYbcfTsGbTJrU/kGemdH2IWmB2ioZ+zkxtmq6g09fGQ==",
      "dependencies": {
        "loose-envify": "^1.1.0"
      },
      "engines": {
        "node": ">=0.10.0"
      }
    },
    "node_modules/react-chartjs-2": {
      "version": "5.2.0",
      "resolved": "https://registry.npmjs.org/react-chartjs-2/-/react-chartjs-2-5.2.0.tgz",
      "integrity": "sha512-98iN5aguJyVSxp5U3CblRLH67J8gkfyGNbiK3c+l1QI/G4irHMPQw44aEPmjVag+YKTyQ260NcF82GTQ3bdscA==",
      "peerDependencies": {
        "chart.js": "^4.1.1",
        "react": "^16.8.0 || ^17.0.0 || ^18.0.0"
      }
    },
    "node_modules/react-dom": {
      "version": "18.2.0",
      "resolved": "https://registry.npmjs.org/react-dom/-/react-dom-18.2.0.tgz",
      "integrity": "sha512-6IMTriUmvsjHUjNtEDudZfuDQUoWXVxKHhlEGSk81n4YFS+r/Kl99wXiwlVXtPBtJenozv2P+hxDsw9eA7Xo6g==",
      "dependencies": {
        "loose-envify": "^1.1.0",
        "scheduler": "^0.23.0"
      },
      "peerDependencies": {
        "react": "^18.2.0"
      }
    },
    "node_modules/satori": {
      "version": "0.4.1",
      "resolved": "https://registry.npmjs.org/satori/-/satori-0.4.1.tgz",
      "integrity": "sha512-uQm4+vQj57E9PO/ASAlxsRb+78fHkRUmkNLBBmfuEeGNLGqJ9ufYU7TzYP4XH60PLHYt9Wz1jSsgcAe2cz7+ng==",
      "dependencies": {
        "@shuding/opentype.js": "1.4.0-beta.0",
        "css-background-parser": "^0.1.0",
        "css-box-shadow": "1.0.0-3",
        "css-to-react-native": "^3.0.0",
        "emoji-regex": "^10.2.1",
        "linebreak": "^1.1.0",
        "postcss-value-parser": "^4.2.0",
        "yoga-wasm-web": "^0.3.1"
      },
      "engines": {
        "node": ">=16"
      }
    },
    "node_modules/satori/node_modules/yoga-wasm-web": {
      "version": "0.3.3",
      "resolved": "https://registry.npmjs.org/yoga-wasm-web/-/yoga-wasm-web-0.3.3.tgz",
      "integrity": "sha512-N+d4UJSJbt/R3wqY7Coqs5pcV0aUj2j9IaQ3rNj9bVCLld8tTGKRa2USARjnvZJWVx1NDmQev8EknoczaOQDOA=="
    },
    "node_modules/scheduler": {
      "version": "0.23.0",
      "resolved": "https://registry.npmjs.org/scheduler/-/scheduler-0.23.0.tgz",
      "integrity": "sha512-CtuThmgHNg7zIZWAXi3AsyIzA3n4xx7aNyjwC2VJldO2LMVDhFK+63xGqq6CsJH4rTAt6/M+N4GhZiDYPx9eUw==",
      "dependencies": {
        "loose-envify": "^1.1.0"
      }
    },
    "node_modules/source-map-js": {
      "version": "1.0.2",
      "resolved": "https://registry.npmjs.org/source-map-js/-/source-map-js-1.0.2.tgz",
      "integrity": "sha512-R0XvVJ9WusLiqTCEiGCmICCMplcCkIwwR11mOSD9CR5u+IXYdiseeEuXCVAjS54zqwkLcPNnmU4OeJ6tUrWhDw==",
      "engines": {
        "node": ">=0.10.0"
      }
    },
    "node_modules/streamsearch": {
      "version": "1.1.0",
      "resolved": "https://registry.npmjs.org/streamsearch/-/streamsearch-1.1.0.tgz",
      "integrity": "sha512-Mcc5wHehp9aXz1ax6bZUyY5afg9u2rv5cqQI3mRrYkGC8rW2hM02jWuwjtL++LS5qinSyhj2QfLyNsuc+VsExg==",
      "engines": {
        "node": ">=10.0.0"
      }
    },
    "node_modules/string.prototype.codepointat": {
      "version": "0.2.1",
      "resolved": "https://registry.npmjs.org/string.prototype.codepointat/-/string.prototype.codepointat-0.2.1.tgz",
      "integrity": "sha512-2cBVCj6I4IOvEnjgO/hWqXjqBGsY+zwPmHl12Srk9IXSZ56Jwwmy+66XO5Iut/oQVR7t5ihYdLB0GMa4alEUcg=="
    },
    "node_modules/styled-jsx": {
      "version": "5.1.1",
      "resolved": "https://registry.npmjs.org/styled-jsx/-/styled-jsx-5.1.1.tgz",
      "integrity": "sha512-pW7uC1l4mBZ8ugbiZrcIsiIvVx1UmTfw7UkC3Um2tmfUq9Bhk8IiyEIPl6F8agHgjzku6j0xQEZbfA5uSgSaCw==",
      "dependencies": {
        "client-only": "0.0.1"
      },
      "engines": {
        "node": ">= 12.0.0"
      },
      "peerDependencies": {
        "react": ">= 16.8.0 || 17.x.x || ^18.0.0-0"
      },
      "peerDependenciesMeta": {
        "@babel/core": {
          "optional": true
        },
        "babel-plugin-macros": {
          "optional": true
        }
      }
    },
    "node_modules/tiny-inflate": {
      "version": "1.0.3",
      "resolved": "https://registry.npmjs.org/tiny-inflate/-/tiny-inflate-1.0.3.tgz",
      "integrity": "sha512-pkY1fj1cKHb2seWDy0B16HeWyczlJA9/WW3u3c4z/NiWDsO3DOU5D7nhTLE9CF0yXv/QZFY7sEJmj24dK+Rrqw=="
    },
    "node_modules/tslib": {
      "version": "2.5.0",
      "resolved": "https://registry.npmjs.org/tslib/-/tslib-2.5.0.tgz",
      "integrity": "sha512-336iVw3rtn2BUK7ORdIAHTyxHGRIHVReokCR3XjbckJMK7ms8FysBfhLR8IXnAgy7T0PTPNBWKiH514FOW/WSg=="
    },
    "node_modules/typescript": {
      "version": "5.0.3",
      "resolved": "https://registry.npmjs.org/typescript/-/typescript-5.0.3.tgz",
      "integrity": "sha512-xv8mOEDnigb/tN9PSMTwSEqAnUvkoXMQlicOb0IUVDBSQCgBSaAAROUZYy2IcUy5qU6XajK5jjjO7TMWqBTKZA==",
      "bin": {
        "tsc": "bin/tsc",
        "tsserver": "bin/tsserver"
      },
      "engines": {
        "node": ">=12.20"
      }
    },
    "node_modules/unicode-trie": {
      "version": "2.0.0",
      "resolved": "https://registry.npmjs.org/unicode-trie/-/unicode-trie-2.0.0.tgz",
      "integrity": "sha512-x7bc76x0bm4prf1VLg79uhAzKw8DVboClSN5VxJuQ+LKDOVEW9CdH+VY7SP+vX7xCYQqzzgQpFqz15zeLvAtZQ==",
      "dependencies": {
        "pako": "^0.2.5",
        "tiny-inflate": "^1.0.0"
      }
    },
    "node_modules/yoga-wasm-web": {
      "version": "0.3.0",
      "resolved": "https://registry.npmjs.org/yoga-wasm-web/-/yoga-wasm-web-0.3.0.tgz",
      "integrity": "sha512-rD3L4jyMlO1m+RWU60lNwZQK5zmzglCV5fI1gTRikmpv3YzmNIZQbjyfE6cMNb9Xaly/C1SwemYGbsiOekMvnQ=="
    }
  },
  "dependencies": {
    "@cloudflare/pages-plugin-vercel-og": {
      "version": "0.1.0",
      "resolved": "https://registry.npmjs.org/@cloudflare/pages-plugin-vercel-og/-/pages-plugin-vercel-og-0.1.0.tgz",
      "integrity": "sha512-FP4dr40ulPy5DJWfpgY7QvB5bkH5+Vif/jWlPwi1SOm/2GW2TIumgiYgkexYrcbR57JqjiCZKoOpodzcQ5ZSzg==",
      "requires": {
        "@vercel/og": "0.4.1"
      }
    },
    "@kurkle/color": {
      "version": "0.3.2",
      "resolved": "https://registry.npmjs.org/@kurkle/color/-/color-0.3.2.tgz",
      "integrity": "sha512-fuscdXJ9G1qb7W8VdHi+IwRqij3lBkosAm4ydQtEmbY58OzHXqQhvlxqEkoz0yssNVn38bcpRWgA9PP+OGoisw=="
    },
    "@next/env": {
      "version": "13.3.1-canary.4",
      "resolved": "https://registry.npmjs.org/@next/env/-/env-13.3.1-canary.4.tgz",
      "integrity": "sha512-5Gmyi2T75gMEvxHIgdikAPnatGgkn19qhM9/HWgNxyqsE96feEJowNFj6Os2m5cz6XZPoYB/zBzJ+pywgQK4qA=="
    },
    "@next/swc-darwin-arm64": {
      "version": "13.3.1-canary.4",
      "resolved": "https://registry.npmjs.org/@next/swc-darwin-arm64/-/swc-darwin-arm64-13.3.1-canary.4.tgz",
      "integrity": "sha512-Ougmig/ez85LSDjKckumSSYiQIFe1QpmJb47YUCIlnQ38oKz2hRI6aD9gh0yC6kzHhqMG0G1+fqAY1YXy54z3g==",
      "optional": true
    },
    "@next/swc-darwin-x64": {
      "version": "13.3.1-canary.4",
      "resolved": "https://registry.npmjs.org/@next/swc-darwin-x64/-/swc-darwin-x64-13.3.1-canary.4.tgz",
      "integrity": "sha512-NrahJUUGsdcNPKbYgo1JBRYH1nCWR+h+fZUTJ83o/hVylaTqRO2By/SNJAcSnFanwiYzU6WHHYSe9LP9GjjkJw==",
      "optional": true
    },
    "@next/swc-linux-arm64-gnu": {
      "version": "13.3.1-canary.4",
      "resolved": "https://registry.npmjs.org/@next/swc-linux-arm64-gnu/-/swc-linux-arm64-gnu-13.3.1-canary.4.tgz",
      "integrity": "sha512-WEwxzw0uigAkrOKSWw7x16cY37iYzRoq2Uo9upXo6GPyTqcL565ta53Zh4aDb4AIKdH6XPlzc1f8H7VENCc6xQ==",
      "optional": true
    },
    "@next/swc-linux-arm64-musl": {
      "version": "13.3.1-canary.4",
      "resolved": "https://registry.npmjs.org/@next/swc-linux-arm64-musl/-/swc-linux-arm64-musl-13.3.1-canary.4.tgz",
      "integrity": "sha512-1kmNPH/9r3f2u+i/nEwuKGroZs54XC1upLUl97UucqrSTKnxjDUGVpgHt5JAQ0BJP7xvm2kh4ag7tri2f5bZ8A==",
      "optional": true
    },
    "@next/swc-linux-x64-gnu": {
      "version": "13.3.1-canary.4",
      "resolved": "https://registry.npmjs.org/@next/swc-linux-x64-gnu/-/swc-linux-x64-gnu-13.3.1-canary.4.tgz",
      "integrity": "sha512-MzUz7hTmJBubV+zXH/4SY5JUT0peZVymbRaGqbesAFF9OlhfU1NIe4gh7Gk5zD8bRnfkGBVNbXI0s6W8Q/5OFA==",
      "optional": true
    },
    "@next/swc-linux-x64-musl": {
      "version": "13.3.1-canary.4",
      "resolved": "https://registry.npmjs.org/@next/swc-linux-x64-musl/-/swc-linux-x64-musl-13.3.1-canary.4.tgz",
      "integrity": "sha512-4gupOANYFf6zyr2gwg6ao1KgHkjjaffvVVcM3d6LfxbpjPUXEjPVWeM9FF5aOeQmf78F8Vp1CZLJbhzuHl3ShA==",
      "optional": true
    },
    "@next/swc-win32-arm64-msvc": {
      "version": "13.3.1-canary.4",
      "resolved": "https://registry.npmjs.org/@next/swc-win32-arm64-msvc/-/swc-win32-arm64-msvc-13.3.1-canary.4.tgz",
      "integrity": "sha512-GzSzqsZa9n5knvLc2rzo+tVBx4lKoGYtmbvA1ZK+yXgNEv2kHWTEAXLgW4lbnvbRbBMeAMbNPqLuwoLQ4YuLjA==",
      "optional": true
    },
    "@next/swc-win32-ia32-msvc": {
      "version": "13.3.1-canary.4",
      "resolved": "https://registry.npmjs.org/@next/swc-win32-ia32-msvc/-/swc-win32-ia32-msvc-13.3.1-canary.4.tgz",
      "integrity": "sha512-ncVppPj73Ge2eqj/o1SEi768vIVoWRFtq7eN9mkZlGxHE/UzEZEFEDiquvLsV4wkgcuDIyo1e7UXnKwGJmBbYQ==",
      "optional": true
    },
    "@next/swc-win32-x64-msvc": {
      "version": "13.3.1-canary.4",
      "resolved": "https://registry.npmjs.org/@next/swc-win32-x64-msvc/-/swc-win32-x64-msvc-13.3.1-canary.4.tgz",
      "integrity": "sha512-Pua+EgHh+M0GWO+8SX6JFA3IiXAe2ZL8pZMQp3TtYPeFxTLkgE4Shk4nyfoUSdKFHI/SaJ2dPGXgJCLVfZV2Tg==",
      "optional": true
    },
    "@popperjs/core": {
      "version": "2.11.7",
      "resolved": "https://registry.npmjs.org/@popperjs/core/-/core-2.11.7.tgz",
      "integrity": "sha512-Cr4OjIkipTtcXKjAsm8agyleBuDHvxzeBoa1v543lbv1YaIwQjESsVcmjiWiPEbC1FIeHOG/Op9kdCmAmiS3Kw==",
      "peer": true
    },
    "@resvg/resvg-wasm": {
      "version": "2.4.1",
      "resolved": "https://registry.npmjs.org/@resvg/resvg-wasm/-/resvg-wasm-2.4.1.tgz",
      "integrity": "sha512-yi6R0HyHtsoWTRA06Col4WoDs7SvlXU3DLMNP2bdAgs7HK18dTEVl1weXgxRzi8gwLteGUbIg29zulxIB3GSdg=="
    },
    "@shuding/opentype.js": {
      "version": "1.4.0-beta.0",
      "resolved": "https://registry.npmjs.org/@shuding/opentype.js/-/opentype.js-1.4.0-beta.0.tgz",
      "integrity": "sha512-3NgmNyH3l/Hv6EvsWJbsvpcpUba6R8IREQ83nH83cyakCw7uM1arZKNfHwv1Wz6jgqrF/j4x5ELvR6PnK9nTcA==",
      "requires": {
        "fflate": "^0.7.3",
        "string.prototype.codepointat": "^0.2.1"
      }
    },
    "@swc/helpers": {
      "version": "0.4.14",
      "resolved": "https://registry.npmjs.org/@swc/helpers/-/helpers-0.4.14.tgz",
      "integrity": "sha512-4C7nX/dvpzB7za4Ql9K81xK3HPxCpHMgwTZVyf+9JQ6VUbn9jjZVN7/Nkdz/Ugzs2CSjqnL/UPXroiVBVHUWUw==",
      "requires": {
        "tslib": "^2.4.0"
      }
    },
    "@types/humanize-duration": {
      "version": "3.27.1",
      "resolved": "https://registry.npmjs.org/@types/humanize-duration/-/humanize-duration-3.27.1.tgz",
      "integrity": "sha512-K3e+NZlpCKd6Bd/EIdqjFJRFHbrq5TzPPLwREk5Iv/YoIjQrs6ljdAUCo+Lb2xFlGNOjGSE0dqsVD19cZL137w==",
      "dev": true
    },
    "@types/node": {
      "version": "18.15.11",
      "resolved": "https://registry.npmjs.org/@types/node/-/node-18.15.11.tgz",
      "integrity": "sha512-E5Kwq2n4SbMzQOn6wnmBjuK9ouqlURrcZDVfbo9ftDDTFt3nk7ZKK4GMOzoYgnpQJKcxwQw+lGaBvvlMo0qN/Q=="
    },
    "@types/prop-types": {
      "version": "15.7.5",
      "resolved": "https://registry.npmjs.org/@types/prop-types/-/prop-types-15.7.5.tgz",
      "integrity": "sha512-JCB8C6SnDoQf0cNycqd/35A7MjcnK+ZTqE7judS6o7utxUCg6imJg3QK2qzHKszlTjcj2cn+NwMB2i96ubpj7w=="
    },
    "@types/react": {
      "version": "18.0.33",
      "resolved": "https://registry.npmjs.org/@types/react/-/react-18.0.33.tgz",
      "integrity": "sha512-sHxzVxeanvQyQ1lr8NSHaj0kDzcNiGpILEVt69g9S31/7PfMvNCKLKcsHw4lYKjs3cGNJjXSP4mYzX43QlnjNA==",
      "requires": {
        "@types/prop-types": "*",
        "@types/scheduler": "*",
        "csstype": "^3.0.2"
      }
    },
    "@types/react-dom": {
      "version": "18.0.11",
      "resolved": "https://registry.npmjs.org/@types/react-dom/-/react-dom-18.0.11.tgz",
      "integrity": "sha512-O38bPbI2CWtgw/OoQoY+BRelw7uysmXbWvw3nLWO21H1HSh+GOlqPuXshJfjmpNlKiiSDG9cc1JZAaMmVdcTlw==",
      "requires": {
        "@types/react": "*"
      }
    },
    "@types/scheduler": {
      "version": "0.16.3",
      "resolved": "https://registry.npmjs.org/@types/scheduler/-/scheduler-0.16.3.tgz",
      "integrity": "sha512-5cJ8CB4yAx7BH1oMvdU0Jh9lrEXyPkar6F9G/ERswkCuvP4KQZfZkSjcMbAICCpQTN4OuZn8tz0HiKv9TGZgrQ=="
    },
    "@vercel/og": {
      "version": "0.4.1",
      "resolved": "https://registry.npmjs.org/@vercel/og/-/og-0.4.1.tgz",
      "integrity": "sha512-N8SXkbmQQRK0iHpqwUe50Fe8JO3sx2ByV6hgPTi16ONiMdqOM9uzE4QMWoY1Oa0uYZuUVA30sEB84mVMn+gT3w==",
      "requires": {
        "@resvg/resvg-wasm": "2.4.1",
        "satori": "0.4.1",
        "yoga-wasm-web": "0.3.0"
      }
    },
    "base64-js": {
      "version": "0.0.8",
      "resolved": "https://registry.npmjs.org/base64-js/-/base64-js-0.0.8.tgz",
      "integrity": "sha512-3XSA2cR/h/73EzlXXdU6YNycmYI7+kicTxks4eJg2g39biHR84slg2+des+p7iHYhbRg/udIS4TD53WabcOUkw=="
    },
    "bootstrap": {
      "version": "5.2.3",
      "resolved": "https://registry.npmjs.org/bootstrap/-/bootstrap-5.2.3.tgz",
      "integrity": "sha512-cEKPM+fwb3cT8NzQZYEu4HilJ3anCrWqh3CHAok1p9jXqMPsPTBhU25fBckEJHJ/p+tTxTFTsFQGM+gaHpi3QQ==",
      "requires": {}
    },
    "busboy": {
      "version": "1.6.0",
      "resolved": "https://registry.npmjs.org/busboy/-/busboy-1.6.0.tgz",
      "integrity": "sha512-8SFQbg/0hQ9xy3UNTB0YEnsNBbWfhf7RtnzpL7TkBiTBRfrQ9Fxcnz7VJsleJpyp6rVLvXiuORqjlHi5q+PYuA==",
      "requires": {
        "streamsearch": "^1.1.0"
      }
    },
    "camelize": {
      "version": "1.0.1",
      "resolved": "https://registry.npmjs.org/camelize/-/camelize-1.0.1.tgz",
      "integrity": "sha512-dU+Tx2fsypxTgtLoE36npi3UqcjSSMNYfkqgmoEhtZrraP5VWq0K7FkWVTYa8eMPtnU/G2txVsfdCJTn9uzpuQ=="
    },
    "caniuse-lite": {
      "version": "1.0.30001474",
      "resolved": "https://registry.npmjs.org/caniuse-lite/-/caniuse-lite-1.0.30001474.tgz",
      "integrity": "sha512-iaIZ8gVrWfemh5DG3T9/YqarVZoYf0r188IjaGwx68j4Pf0SGY6CQkmJUIE+NZHkkecQGohzXmBGEwWDr9aM3Q=="
    },
    "chart.js": {
      "version": "4.2.1",
      "resolved": "https://registry.npmjs.org/chart.js/-/chart.js-4.2.1.tgz",
      "integrity": "sha512-6YbpQ0nt3NovAgOzbkSSeeAQu/3za1319dPUQTXn9WcOpywM8rGKxJHrhS8V8xEkAlk8YhEfjbuAPfUyp6jIsw==",
      "requires": {
        "@kurkle/color": "^0.3.0"
      }
    },
    "client-only": {
      "version": "0.0.1",
      "resolved": "https://registry.npmjs.org/client-only/-/client-only-0.0.1.tgz",
      "integrity": "sha512-IV3Ou0jSMzZrd3pZ48nLkT9DA7Ag1pnPzaiQhpW7c3RbcqqzvzzVu+L8gfqMp/8IM2MQtSiqaCxrrcfu8I8rMA=="
    },
    "css-background-parser": {
      "version": "0.1.0",
      "resolved": "https://registry.npmjs.org/css-background-parser/-/css-background-parser-0.1.0.tgz",
      "integrity": "sha512-2EZLisiZQ+7m4wwur/qiYJRniHX4K5Tc9w93MT3AS0WS1u5kaZ4FKXlOTBhOjc+CgEgPiGY+fX1yWD8UwpEqUA=="
    },
    "css-box-shadow": {
      "version": "1.0.0-3",
      "resolved": "https://registry.npmjs.org/css-box-shadow/-/css-box-shadow-1.0.0-3.tgz",
      "integrity": "sha512-9jaqR6e7Ohds+aWwmhe6wILJ99xYQbfmK9QQB9CcMjDbTxPZjwEmUQpU91OG05Xgm8BahT5fW+svbsQGjS/zPg=="
    },
    "css-color-keywords": {
      "version": "1.0.0",
      "resolved": "https://registry.npmjs.org/css-color-keywords/-/css-color-keywords-1.0.0.tgz",
      "integrity": "sha512-FyyrDHZKEjXDpNJYvVsV960FiqQyXc/LlYmsxl2BcdMb2WPx0OGRVgTg55rPSyLSNMqP52R9r8geSp7apN3Ofg=="
    },
    "css-to-react-native": {
      "version": "3.2.0",
      "resolved": "https://registry.npmjs.org/css-to-react-native/-/css-to-react-native-3.2.0.tgz",
      "integrity": "sha512-e8RKaLXMOFii+02mOlqwjbD00KSEKqblnpO9e++1aXS1fPQOpS1YoqdVHBqPjHNoxeF2mimzVqawm2KCbEdtHQ==",
      "requires": {
        "camelize": "^1.0.0",
        "css-color-keywords": "^1.0.0",
        "postcss-value-parser": "^4.0.2"
      }
    },
    "csstype": {
      "version": "3.1.2",
      "resolved": "https://registry.npmjs.org/csstype/-/csstype-3.1.2.tgz",
      "integrity": "sha512-I7K1Uu0MBPzaFKg4nI5Q7Vs2t+3gWWW648spaF+Rg7pI9ds18Ugn+lvg4SHczUdKlHI5LWBXyqfS8+DufyBsgQ=="
    },
    "emoji-regex": {
      "version": "10.2.1",
      "resolved": "https://registry.npmjs.org/emoji-regex/-/emoji-regex-10.2.1.tgz",
      "integrity": "sha512-97g6QgOk8zlDRdgq1WxwgTMgEWGVAQvB5Fdpgc1MkNy56la5SKP9GsMXKDOdqwn90/41a8yPwIGk1Y6WVbeMQA=="
    },
    "fflate": {
      "version": "0.7.4",
      "resolved": "https://registry.npmjs.org/fflate/-/fflate-0.7.4.tgz",
      "integrity": "sha512-5u2V/CDW15QM1XbbgS+0DfPxVB+jUKhWEKuuFuHncbk3tEEqzmoXL+2KyOFuKGqOnmdIy0/davWF1CkuwtibCw=="
    },
    "humanize-duration": {
      "version": "3.28.0",
      "resolved": "https://registry.npmjs.org/humanize-duration/-/humanize-duration-3.28.0.tgz",
      "integrity": "sha512-jMAxraOOmHuPbffLVDKkEKi/NeG8dMqP8lGRd6Tbf7JgAeG33jjgPWDbXXU7ypCI0o+oNKJFgbSB9FKVdWNI2A=="
    },
    "js-tokens": {
      "version": "4.0.0",
      "resolved": "https://registry.npmjs.org/js-tokens/-/js-tokens-4.0.0.tgz",
      "integrity": "sha512-RdJUflcE3cUzKiMqQgsCu06FPu9UdIJO0beYbPhHN4k6apgJtifcoCtT9bcxOpYBtpD2kCM6Sbzg4CausW/PKQ=="
    },
    "linebreak": {
      "version": "1.1.0",
      "resolved": "https://registry.npmjs.org/linebreak/-/linebreak-1.1.0.tgz",
      "integrity": "sha512-MHp03UImeVhB7XZtjd0E4n6+3xr5Dq/9xI/5FptGk5FrbDR3zagPa2DS6U8ks/3HjbKWG9Q1M2ufOzxV2qLYSQ==",
      "requires": {
        "base64-js": "0.0.8",
        "unicode-trie": "^2.0.0"
      }
    },
    "loose-envify": {
      "version": "1.4.0",
      "resolved": "https://registry.npmjs.org/loose-envify/-/loose-envify-1.4.0.tgz",
      "integrity": "sha512-lyuxPGr/Wfhrlem2CL/UcnUc1zcqKAImBDzukY7Y5F/yQiNdko6+fRLevlw1HgMySw7f611UIY408EtxRSoK3Q==",
      "requires": {
        "js-tokens": "^3.0.0 || ^4.0.0"
      }
    },
    "nanoid": {
      "version": "3.3.6",
      "resolved": "https://registry.npmjs.org/nanoid/-/nanoid-3.3.6.tgz",
      "integrity": "sha512-BGcqMMJuToF7i1rt+2PWSNVnWIkGCU78jBG3RxO/bZlnZPK2Cmi2QaffxGO/2RvWi9sL+FAiRiXMgsyxQ1DIDA=="
    },
    "next": {
      "version": "13.3.1-canary.4",
      "resolved": "https://registry.npmjs.org/next/-/next-13.3.1-canary.4.tgz",
      "integrity": "sha512-HGNz+ImrwdWxpdw70EDUHxCKHoRKae4vrabFxlYcEOZUrjWPS028S3YXnM7S4/FRW0laPYN36wZMZLXKn7eLqg==",
      "requires": {
        "@next/env": "13.3.1-canary.4",
        "@next/swc-darwin-arm64": "13.3.1-canary.4",
        "@next/swc-darwin-x64": "13.3.1-canary.4",
        "@next/swc-linux-arm64-gnu": "13.3.1-canary.4",
        "@next/swc-linux-arm64-musl": "13.3.1-canary.4",
        "@next/swc-linux-x64-gnu": "13.3.1-canary.4",
        "@next/swc-linux-x64-musl": "13.3.1-canary.4",
        "@next/swc-win32-arm64-msvc": "13.3.1-canary.4",
        "@next/swc-win32-ia32-msvc": "13.3.1-canary.4",
        "@next/swc-win32-x64-msvc": "13.3.1-canary.4",
        "@swc/helpers": "0.4.14",
        "busboy": "1.6.0",
        "caniuse-lite": "^1.0.30001406",
        "postcss": "8.4.14",
        "styled-jsx": "5.1.1"
      }
    },
    "pako": {
      "version": "0.2.9",
      "resolved": "https://registry.npmjs.org/pako/-/pako-0.2.9.tgz",
      "integrity": "sha512-NUcwaKxUxWrZLpDG+z/xZaCgQITkA/Dv4V/T6bw7VON6l1Xz/VnrBqrYjZQ12TamKHzITTfOEIYUj48y2KXImA=="
    },
    "picocolors": {
      "version": "1.0.0",
      "resolved": "https://registry.npmjs.org/picocolors/-/picocolors-1.0.0.tgz",
      "integrity": "sha512-1fygroTLlHu66zi26VoTDv8yRgm0Fccecssto+MhsZ0D/DGW2sm8E8AjW7NU5VVTRt5GxbeZ5qBuJr+HyLYkjQ=="
    },
    "postcss": {
      "version": "8.4.14",
      "resolved": "https://registry.npmjs.org/postcss/-/postcss-8.4.14.tgz",
      "integrity": "sha512-E398TUmfAYFPBSdzgeieK2Y1+1cpdxJx8yXbK/m57nRhKSmk1GB2tO4lbLBtlkfPQTDKfe4Xqv1ASWPpayPEig==",
      "requires": {
        "nanoid": "^3.3.4",
        "picocolors": "^1.0.0",
        "source-map-js": "^1.0.2"
      }
    },
    "postcss-value-parser": {
      "version": "4.2.0",
      "resolved": "https://registry.npmjs.org/postcss-value-parser/-/postcss-value-parser-4.2.0.tgz",
      "integrity": "sha512-1NNCs6uurfkVbeXG4S8JFT9t19m45ICnif8zWLd5oPSZ50QnwMfK+H3jv408d4jw/7Bttv5axS5IiHoLaVNHeQ=="
    },
    "react": {
      "version": "18.2.0",
      "resolved": "https://registry.npmjs.org/react/-/react-18.2.0.tgz",
      "integrity": "sha512-/3IjMdb2L9QbBdWiW5e3P2/npwMBaU9mHCSCUzNln0ZCYbcfTsGbTJrU/kGemdH2IWmB2ioZ+zkxtmq6g09fGQ==",
      "requires": {
        "loose-envify": "^1.1.0"
      }
    },
    "react-chartjs-2": {
      "version": "5.2.0",
      "resolved": "https://registry.npmjs.org/react-chartjs-2/-/react-chartjs-2-5.2.0.tgz",
      "integrity": "sha512-98iN5aguJyVSxp5U3CblRLH67J8gkfyGNbiK3c+l1QI/G4irHMPQw44aEPmjVag+YKTyQ260NcF82GTQ3bdscA==",
      "requires": {}
    },
    "react-dom": {
      "version": "18.2.0",
      "resolved": "https://registry.npmjs.org/react-dom/-/react-dom-18.2.0.tgz",
      "integrity": "sha512-6IMTriUmvsjHUjNtEDudZfuDQUoWXVxKHhlEGSk81n4YFS+r/Kl99wXiwlVXtPBtJenozv2P+hxDsw9eA7Xo6g==",
      "requires": {
        "loose-envify": "^1.1.0",
        "scheduler": "^0.23.0"
      }
    },
    "satori": {
      "version": "0.4.1",
      "resolved": "https://registry.npmjs.org/satori/-/satori-0.4.1.tgz",
      "integrity": "sha512-uQm4+vQj57E9PO/ASAlxsRb+78fHkRUmkNLBBmfuEeGNLGqJ9ufYU7TzYP4XH60PLHYt9Wz1jSsgcAe2cz7+ng==",
      "requires": {
        "@shuding/opentype.js": "1.4.0-beta.0",
        "css-background-parser": "^0.1.0",
        "css-box-shadow": "1.0.0-3",
        "css-to-react-native": "^3.0.0",
        "emoji-regex": "^10.2.1",
        "linebreak": "^1.1.0",
        "postcss-value-parser": "^4.2.0",
        "yoga-wasm-web": "^0.3.1"
      },
      "dependencies": {
        "yoga-wasm-web": {
          "version": "0.3.3",
          "resolved": "https://registry.npmjs.org/yoga-wasm-web/-/yoga-wasm-web-0.3.3.tgz",
          "integrity": "sha512-N+d4UJSJbt/R3wqY7Coqs5pcV0aUj2j9IaQ3rNj9bVCLld8tTGKRa2USARjnvZJWVx1NDmQev8EknoczaOQDOA=="
        }
      }
    },
    "scheduler": {
      "version": "0.23.0",
      "resolved": "https://registry.npmjs.org/scheduler/-/scheduler-0.23.0.tgz",
      "integrity": "sha512-CtuThmgHNg7zIZWAXi3AsyIzA3n4xx7aNyjwC2VJldO2LMVDhFK+63xGqq6CsJH4rTAt6/M+N4GhZiDYPx9eUw==",
      "requires": {
        "loose-envify": "^1.1.0"
      }
    },
    "source-map-js": {
      "version": "1.0.2",
      "resolved": "https://registry.npmjs.org/source-map-js/-/source-map-js-1.0.2.tgz",
      "integrity": "sha512-R0XvVJ9WusLiqTCEiGCmICCMplcCkIwwR11mOSD9CR5u+IXYdiseeEuXCVAjS54zqwkLcPNnmU4OeJ6tUrWhDw=="
    },
    "streamsearch": {
      "version": "1.1.0",
      "resolved": "https://registry.npmjs.org/streamsearch/-/streamsearch-1.1.0.tgz",
      "integrity": "sha512-Mcc5wHehp9aXz1ax6bZUyY5afg9u2rv5cqQI3mRrYkGC8rW2hM02jWuwjtL++LS5qinSyhj2QfLyNsuc+VsExg=="
    },
    "string.prototype.codepointat": {
      "version": "0.2.1",
      "resolved": "https://registry.npmjs.org/string.prototype.codepointat/-/string.prototype.codepointat-0.2.1.tgz",
      "integrity": "sha512-2cBVCj6I4IOvEnjgO/hWqXjqBGsY+zwPmHl12Srk9IXSZ56Jwwmy+66XO5Iut/oQVR7t5ihYdLB0GMa4alEUcg=="
    },
    "styled-jsx": {
      "version": "5.1.1",
      "resolved": "https://registry.npmjs.org/styled-jsx/-/styled-jsx-5.1.1.tgz",
      "integrity": "sha512-pW7uC1l4mBZ8ugbiZrcIsiIvVx1UmTfw7UkC3Um2tmfUq9Bhk8IiyEIPl6F8agHgjzku6j0xQEZbfA5uSgSaCw==",
      "requires": {
        "client-only": "0.0.1"
      }
    },
    "tiny-inflate": {
      "version": "1.0.3",
      "resolved": "https://registry.npmjs.org/tiny-inflate/-/tiny-inflate-1.0.3.tgz",
      "integrity": "sha512-pkY1fj1cKHb2seWDy0B16HeWyczlJA9/WW3u3c4z/NiWDsO3DOU5D7nhTLE9CF0yXv/QZFY7sEJmj24dK+Rrqw=="
    },
    "tslib": {
      "version": "2.5.0",
      "resolved": "https://registry.npmjs.org/tslib/-/tslib-2.5.0.tgz",
      "integrity": "sha512-336iVw3rtn2BUK7ORdIAHTyxHGRIHVReokCR3XjbckJMK7ms8FysBfhLR8IXnAgy7T0PTPNBWKiH514FOW/WSg=="
    },
    "typescript": {
      "version": "5.0.3",
      "resolved": "https://registry.npmjs.org/typescript/-/typescript-5.0.3.tgz",
      "integrity": "sha512-xv8mOEDnigb/tN9PSMTwSEqAnUvkoXMQlicOb0IUVDBSQCgBSaAAROUZYy2IcUy5qU6XajK5jjjO7TMWqBTKZA=="
    },
    "unicode-trie": {
      "version": "2.0.0",
      "resolved": "https://registry.npmjs.org/unicode-trie/-/unicode-trie-2.0.0.tgz",
      "integrity": "sha512-x7bc76x0bm4prf1VLg79uhAzKw8DVboClSN5VxJuQ+LKDOVEW9CdH+VY7SP+vX7xCYQqzzgQpFqz15zeLvAtZQ==",
      "requires": {
        "pako": "^0.2.5",
        "tiny-inflate": "^1.0.0"
      }
    },
    "yoga-wasm-web": {
      "version": "0.3.0",
      "resolved": "https://registry.npmjs.org/yoga-wasm-web/-/yoga-wasm-web-0.3.0.tgz",
      "integrity": "sha512-rD3L4jyMlO1m+RWU60lNwZQK5zmzglCV5fI1gTRikmpv3YzmNIZQbjyfE6cMNb9Xaly/C1SwemYGbsiOekMvnQ=="
    }
  }
}
